
Microsoft Visual Studio Solution File, Format Version 12.00
# Visual Studio Version 16
VisualStudioVersion = 16.0.30503.244
MinimumVisualStudioVersion = 10.0.40219.1
Project("{FAE04EC0-301F-11D3-BF4B-00C04F79EFBC}") = "Audiospatial", "Audiospatial\Audiospatial.csproj", "{AF46E96E-AFAA-498A-AF71-3E0D71C8663D}"
EndProject
Global
	GlobalSection(SolutionConfigurationPlatforms) = preSolution
		Debug|Any CPU = Debug|Any CPU
		Release|Any CPU = Release|Any CPU
	EndGlobalSection
	GlobalSection(ProjectConfigurationPlatforms) = postSolution
		{AF46E96E-AFAA-498A-AF71-3E0D71C8663D}.Debug|Any CPU.ActiveCfg = Debug|Any CPU
		{AF46E96E-AFAA-498A-AF71-3E0D71C8663D}.Debug|Any CPU.Build.0 = Debug|Any CPU
		{AF46E96E-AFAA-498A-AF71-3E0D71C8663D}.Release|Any CPU.ActiveCfg = Release|Any CPU
		{AF46E96E-AFAA-498A-AF71-3E0D71C8663D}.Release|Any CPU.Build.0 = Release|Any CPU
	EndGlobalSection
	GlobalSection(SolutionProperties) = preSolution
		HideSolutionNode = FALSE
	EndGlobalSection
	GlobalSection(ExtensibilityGlobals) = postSolution
		SolutionGuid = {73A23A89-449F-42FC-9BED-CF6B14EF6C4E}
	EndGlobalSection
EndGlobal
